// !$*UTF8*$!
{
	archiveVersion = 1;
	classes = {
	};
	objectVersion = 55;
	objects = {

/* Begin PBXBuildFile section */
		93240D812B1D487A002D96B0 /* RMService.swift in Sources */ = {isa = PBXBuildFile; fileRef = 93240D802B1D487A002D96B0 /* RMService.swift */; };
		93240D832B1D48A5002D96B0 /* RMRequest.swift in Sources */ = {isa = PBXBuildFile; fileRef = 93240D822B1D48A5002D96B0 /* RMRequest.swift */; };
		93240D852B1D4A17002D96B0 /* RMEndpoint.swift in Sources */ = {isa = PBXBuildFile; fileRef = 93240D842B1D4A17002D96B0 /* RMEndpoint.swift */; };
		93240D872B1D576F002D96B0 /* RMorigin.swift in Sources */ = {isa = PBXBuildFile; fileRef = 93240D862B1D576F002D96B0 /* RMorigin.swift */; };
		93240D892B1D58A5002D96B0 /* RMSingleLocation.swift in Sources */ = {isa = PBXBuildFile; fileRef = 93240D882B1D58A5002D96B0 /* RMSingleLocation.swift */; };
		93240D8B2B1D5B09002D96B0 /* RMCharacterStatus.swift in Sources */ = {isa = PBXBuildFile; fileRef = 93240D8A2B1D5B09002D96B0 /* RMCharacterStatus.swift */; };
		93240D8D2B1D5B37002D96B0 /* RMCharacterGender.swift in Sources */ = {isa = PBXBuildFile; fileRef = 93240D8C2B1D5B37002D96B0 /* RMCharacterGender.swift */; };
		93CBDCD02B1CC42900B43CC8 /* AppDelegate.swift in Sources */ = {isa = PBXBuildFile; fileRef = 93CBDCCF2B1CC42900B43CC8 /* AppDelegate.swift */; };
		93CBDCD22B1CC42900B43CC8 /* SceneDelegate.swift in Sources */ = {isa = PBXBuildFile; fileRef = 93CBDCD12B1CC42900B43CC8 /* SceneDelegate.swift */; };
		93CBDCD42B1CC42900B43CC8 /* RMTabBarViewController.swift in Sources */ = {isa = PBXBuildFile; fileRef = 93CBDCD32B1CC42900B43CC8 /* RMTabBarViewController.swift */; };
		93CBDCD92B1CC42D00B43CC8 /* Assets.xcassets in Resources */ = {isa = PBXBuildFile; fileRef = 93CBDCD82B1CC42D00B43CC8 /* Assets.xcassets */; };
		93CBDCDC2B1CC42D00B43CC8 /* LaunchScreen.storyboard in Resources */ = {isa = PBXBuildFile; fileRef = 93CBDCDA2B1CC42D00B43CC8 /* LaunchScreen.storyboard */; };
		93CBDCE72B1CC42D00B43CC8 /* RickAndMortyTests.swift in Sources */ = {isa = PBXBuildFile; fileRef = 93CBDCE62B1CC42D00B43CC8 /* RickAndMortyTests.swift */; };
		93CBDCF12B1CC42D00B43CC8 /* RickAndMortyUITests.swift in Sources */ = {isa = PBXBuildFile; fileRef = 93CBDCF02B1CC42D00B43CC8 /* RickAndMortyUITests.swift */; };
		93CBDCF32B1CC42D00B43CC8 /* RickAndMortyUITestsLaunchTests.swift in Sources */ = {isa = PBXBuildFile; fileRef = 93CBDCF22B1CC42D00B43CC8 /* RickAndMortyUITestsLaunchTests.swift */; };
		93CBDD072B1CC90300B43CC8 /* RMLocation.swift in Sources */ = {isa = PBXBuildFile; fileRef = 93CBDD062B1CC90300B43CC8 /* RMLocation.swift */; };
		93CBDD092B1CC91A00B43CC8 /* RMCharacter.swift in Sources */ = {isa = PBXBuildFile; fileRef = 93CBDD082B1CC91A00B43CC8 /* RMCharacter.swift */; };
		93CBDD0B2B1CC93300B43CC8 /* RMEpisodes.swift in Sources */ = {isa = PBXBuildFile; fileRef = 93CBDD0A2B1CC93300B43CC8 /* RMEpisodes.swift */; };
		93CBDD0E2B1CCA2800B43CC8 /* RMCharacterViewController.swift in Sources */ = {isa = PBXBuildFile; fileRef = 93CBDD0D2B1CCA2800B43CC8 /* RMCharacterViewController.swift */; };
		93CBDD102B1CD0D000B43CC8 /* RMLocationViewController.swift in Sources */ = {isa = PBXBuildFile; fileRef = 93CBDD0F2B1CD0D000B43CC8 /* RMLocationViewController.swift */; };
		93CBDD122B1CD17800B43CC8 /* RMEpisodeTabViewController.swift in Sources */ = {isa = PBXBuildFile; fileRef = 93CBDD112B1CD17800B43CC8 /* RMEpisodeTabViewController.swift */; };
		93CBDD142B1CD1C400B43CC8 /* RMSettingViewController.swift in Sources */ = {isa = PBXBuildFile; fileRef = 93CBDD132B1CD1C400B43CC8 /* RMSettingViewController.swift */; };
/* End PBXBuildFile section */

/* Begin PBXContainerItemProxy section */
		93CBDCE32B1CC42D00B43CC8 /* PBXContainerItemProxy */ = {
			isa = PBXContainerItemProxy;
			containerPortal = 93CBDCC42B1CC42900B43CC8 /* Project object */;
			proxyType = 1;
			remoteGlobalIDString = 93CBDCCB2B1CC42900B43CC8;
			remoteInfo = RickAndMorty;
		};
		93CBDCED2B1CC42D00B43CC8 /* PBXContainerItemProxy */ = {
			isa = PBXContainerItemProxy;
			containerPortal = 93CBDCC42B1CC42900B43CC8 /* Project object */;
			proxyType = 1;
			remoteGlobalIDString = 93CBDCCB2B1CC42900B43CC8;
			remoteInfo = RickAndMorty;
		};
/* End PBXContainerItemProxy section */

/* Begin PBXFileReference section */
		93240D802B1D487A002D96B0 /* RMService.swift */ = {isa = PBXFileReference; lastKnownFileType = sourcecode.swift; path = RMService.swift; sourceTree = "<group>"; };
		93240D822B1D48A5002D96B0 /* RMRequest.swift */ = {isa = PBXFileReference; lastKnownFileType = sourcecode.swift; path = RMRequest.swift; sourceTree = "<group>"; };
		93240D842B1D4A17002D96B0 /* RMEndpoint.swift */ = {isa = PBXFileReference; lastKnownFileType = sourcecode.swift; path = RMEndpoint.swift; sourceTree = "<group>"; };
		93240D862B1D576F002D96B0 /* RMorigin.swift */ = {isa = PBXFileReference; lastKnownFileType = sourcecode.swift; path = RMorigin.swift; sourceTree = "<group>"; };
		93240D882B1D58A5002D96B0 /* RMSingleLocation.swift */ = {isa = PBXFileReference; lastKnownFileType = sourcecode.swift; path = RMSingleLocation.swift; sourceTree = "<group>"; };
		93240D8A2B1D5B09002D96B0 /* RMCharacterStatus.swift */ = {isa = PBXFileReference; lastKnownFileType = sourcecode.swift; path = RMCharacterStatus.swift; sourceTree = "<group>"; };
		93240D8C2B1D5B37002D96B0 /* RMCharacterGender.swift */ = {isa = PBXFileReference; lastKnownFileType = sourcecode.swift; path = RMCharacterGender.swift; sourceTree = "<group>"; };
		93CBDCCC2B1CC42900B43CC8 /* RickAndMorty.app */ = {isa = PBXFileReference; explicitFileType = wrapper.application; includeInIndex = 0; path = RickAndMorty.app; sourceTree = BUILT_PRODUCTS_DIR; };
		93CBDCCF2B1CC42900B43CC8 /* AppDelegate.swift */ = {isa = PBXFileReference; lastKnownFileType = sourcecode.swift; path = AppDelegate.swift; sourceTree = "<group>"; };
		93CBDCD12B1CC42900B43CC8 /* SceneDelegate.swift */ = {isa = PBXFileReference; lastKnownFileType = sourcecode.swift; path = SceneDelegate.swift; sourceTree = "<group>"; };
		93CBDCD32B1CC42900B43CC8 /* RMTabBarViewController.swift */ = {isa = PBXFileReference; lastKnownFileType = sourcecode.swift; path = RMTabBarViewController.swift; sourceTree = "<group>"; };
		93CBDCD82B1CC42D00B43CC8 /* Assets.xcassets */ = {isa = PBXFileReference; lastKnownFileType = folder.assetcatalog; path = Assets.xcassets; sourceTree = "<group>"; };
		93CBDCDB2B1CC42D00B43CC8 /* Base */ = {isa = PBXFileReference; lastKnownFileType = file.storyboard; name = Base; path = Base.lproj/LaunchScreen.storyboard; sourceTree = "<group>"; };
		93CBDCDD2B1CC42D00B43CC8 /* Info.plist */ = {isa = PBXFileReference; lastKnownFileType = text.plist.xml; path = Info.plist; sourceTree = "<group>"; };
		93CBDCE22B1CC42D00B43CC8 /* RickAndMortyTests.xctest */ = {isa = PBXFileReference; explicitFileType = wrapper.cfbundle; includeInIndex = 0; path = RickAndMortyTests.xctest; sourceTree = BUILT_PRODUCTS_DIR; };
		93CBDCE62B1CC42D00B43CC8 /* RickAndMortyTests.swift */ = {isa = PBXFileReference; lastKnownFileType = sourcecode.swift; path = RickAndMortyTests.swift; sourceTree = "<group>"; };
		93CBDCEC2B1CC42D00B43CC8 /* RickAndMortyUITests.xctest */ = {isa = PBXFileReference; explicitFileType = wrapper.cfbundle; includeInIndex = 0; path = RickAndMortyUITests.xctest; sourceTree = BUILT_PRODUCTS_DIR; };
		93CBDCF02B1CC42D00B43CC8 /* RickAndMortyUITests.swift */ = {isa = PBXFileReference; lastKnownFileType = sourcecode.swift; path = RickAndMortyUITests.swift; sourceTree = "<group>"; };
		93CBDCF22B1CC42D00B43CC8 /* RickAndMortyUITestsLaunchTests.swift */ = {isa = PBXFileReference; lastKnownFileType = sourcecode.swift; path = RickAndMortyUITestsLaunchTests.swift; sourceTree = "<group>"; };
		93CBDD062B1CC90300B43CC8 /* RMLocation.swift */ = {isa = PBXFileReference; lastKnownFileType = sourcecode.swift; path = RMLocation.swift; sourceTree = "<group>"; };
		93CBDD082B1CC91A00B43CC8 /* RMCharacter.swift */ = {isa = PBXFileReference; lastKnownFileType = sourcecode.swift; path = RMCharacter.swift; sourceTree = "<group>"; };
		93CBDD0A2B1CC93300B43CC8 /* RMEpisodes.swift */ = {isa = PBXFileReference; lastKnownFileType = sourcecode.swift; path = RMEpisodes.swift; sourceTree = "<group>"; };
		93CBDD0D2B1CCA2800B43CC8 /* RMCharacterViewController.swift */ = {isa = PBXFileReference; lastKnownFileType = sourcecode.swift; path = RMCharacterViewController.swift; sourceTree = "<group>"; };
		93CBDD0F2B1CD0D000B43CC8 /* RMLocationViewController.swift */ = {isa = PBXFileReference; lastKnownFileType = sourcecode.swift; path = RMLocationViewController.swift; sourceTree = "<group>"; };
		93CBDD112B1CD17800B43CC8 /* RMEpisodeTabViewController.swift */ = {isa = PBXFileReference; lastKnownFileType = sourcecode.swift; path = RMEpisodeTabViewController.swift; sourceTree = "<group>"; };
		93CBDD132B1CD1C400B43CC8 /* RMSettingViewController.swift */ = {isa = PBXFileReference; lastKnownFileType = sourcecode.swift; path = RMSettingViewController.swift; sourceTree = "<group>"; };
/* End PBXFileReference section */

/* Begin PBXFrameworksBuildPhase section */
		93CBDCC92B1CC42900B43CC8 /* Frameworks */ = {
			isa = PBXFrameworksBuildPhase;
			buildActionMask = 2147483647;
			files = (
			);
			runOnlyForDeploymentPostprocessing = 0;
		};
		93CBDCDF2B1CC42D00B43CC8 /* Frameworks */ = {
			isa = PBXFrameworksBuildPhase;
			buildActionMask = 2147483647;
			files = (
			);
			runOnlyForDeploymentPostprocessing = 0;
		};
		93CBDCE92B1CC42D00B43CC8 /* Frameworks */ = {
			isa = PBXFrameworksBuildPhase;
			buildActionMask = 2147483647;
			files = (
			);
			runOnlyForDeploymentPostprocessing = 0;
		};
/* End PBXFrameworksBuildPhase section */

/* Begin PBXGroup section */
		93CBDCC32B1CC42900B43CC8 = {
			isa = PBXGroup;
			children = (
				93CBDCCE2B1CC42900B43CC8 /* RickAndMorty */,
				93CBDCE52B1CC42D00B43CC8 /* RickAndMortyTests */,
				93CBDCEF2B1CC42D00B43CC8 /* RickAndMortyUITests */,
				93CBDCCD2B1CC42900B43CC8 /* Products */,
			);
			sourceTree = "<group>";
		};
		93CBDCCD2B1CC42900B43CC8 /* Products */ = {
			isa = PBXGroup;
			children = (
				93CBDCCC2B1CC42900B43CC8 /* RickAndMorty.app */,
				93CBDCE22B1CC42D00B43CC8 /* RickAndMortyTests.xctest */,
				93CBDCEC2B1CC42D00B43CC8 /* RickAndMortyUITests.xctest */,
			);
			name = Products;
			sourceTree = "<group>";
		};
		93CBDCCE2B1CC42900B43CC8 /* RickAndMorty */ = {
			isa = PBXGroup;
			children = (
				93CBDD052B1CC83300B43CC8 /* Resources */,
				93CBDD042B1CC82200B43CC8 /* Managers */,
				93CBDD032B1CC81100B43CC8 /* API Client */,
				93CBDD022B1CC80000B43CC8 /* View Models */,
				93CBDD012B1CC7F500B43CC8 /* Views */,
				93CBDD002B1CC7E000B43CC8 /* Models */,
				93CBDCFF2B1CC7C500B43CC8 /* Controllers */,
				93CBDCDD2B1CC42D00B43CC8 /* Info.plist */,
			);
			path = RickAndMorty;
			sourceTree = "<group>";
		};
		93CBDCE52B1CC42D00B43CC8 /* RickAndMortyTests */ = {
			isa = PBXGroup;
			children = (
				93CBDCE62B1CC42D00B43CC8 /* RickAndMortyTests.swift */,
			);
			path = RickAndMortyTests;
			sourceTree = "<group>";
		};
		93CBDCEF2B1CC42D00B43CC8 /* RickAndMortyUITests */ = {
			isa = PBXGroup;
			children = (
				93CBDCF02B1CC42D00B43CC8 /* RickAndMortyUITests.swift */,
				93CBDCF22B1CC42D00B43CC8 /* RickAndMortyUITestsLaunchTests.swift */,
			);
			path = RickAndMortyUITests;
			sourceTree = "<group>";
		};
		93CBDCFF2B1CC7C500B43CC8 /* Controllers */ = {
			isa = PBXGroup;
			children = (
				93CBDD0C2B1CC98A00B43CC8 /* Core */,
			);
			path = Controllers;
			sourceTree = "<group>";
		};
		93CBDD002B1CC7E000B43CC8 /* Models */ = {
			isa = PBXGroup;
			children = (
				93CBDD062B1CC90300B43CC8 /* RMLocation.swift */,
				93240D8C2B1D5B37002D96B0 /* RMCharacterGender.swift */,
				93CBDD082B1CC91A00B43CC8 /* RMCharacter.swift */,
				93CBDD0A2B1CC93300B43CC8 /* RMEpisodes.swift */,
				93240D862B1D576F002D96B0 /* RMorigin.swift */,
				93240D882B1D58A5002D96B0 /* RMSingleLocation.swift */,
				93240D8A2B1D5B09002D96B0 /* RMCharacterStatus.swift */,
			);
			path = Models;
			sourceTree = "<group>";
		};
		93CBDD012B1CC7F500B43CC8 /* Views */ = {
			isa = PBXGroup;
			children = (
			);
			path = Views;
			sourceTree = "<group>";
		};
		93CBDD022B1CC80000B43CC8 /* View Models */ = {
			isa = PBXGroup;
			children = (
			);
			path = "View Models";
			sourceTree = "<group>";
		};
		93CBDD032B1CC81100B43CC8 /* API Client */ = {
			isa = PBXGroup;
			children = (
				93240D802B1D487A002D96B0 /* RMService.swift */,
				93240D822B1D48A5002D96B0 /* RMRequest.swift */,
				93240D842B1D4A17002D96B0 /* RMEndpoint.swift */,
			);
			path = "API Client";
			sourceTree = "<group>";
		};
		93CBDD042B1CC82200B43CC8 /* Managers */ = {
			isa = PBXGroup;
			children = (
			);
			path = Managers;
			sourceTree = "<group>";
		};
		93CBDD052B1CC83300B43CC8 /* Resources */ = {
			isa = PBXGroup;
			children = (
				93CBDCCF2B1CC42900B43CC8 /* AppDelegate.swift */,
				93CBDCD12B1CC42900B43CC8 /* SceneDelegate.swift */,
				93CBDCDA2B1CC42D00B43CC8 /* LaunchScreen.storyboard */,
				93CBDCD82B1CC42D00B43CC8 /* Assets.xcassets */,
			);
			path = Resources;
			sourceTree = "<group>";
		};
		93CBDD0C2B1CC98A00B43CC8 /* Core */ = {
			isa = PBXGroup;
			children = (
				93CBDD0D2B1CCA2800B43CC8 /* RMCharacterViewController.swift */,
				93CBDD132B1CD1C400B43CC8 /* RMSettingViewController.swift */,
				93CBDD0F2B1CD0D000B43CC8 /* RMLocationViewController.swift */,
				93CBDCD32B1CC42900B43CC8 /* RMTabBarViewController.swift */,
				93CBDD112B1CD17800B43CC8 /* RMEpisodeTabViewController.swift */,
			);
			path = Core;
			sourceTree = "<group>";
		};
/* End PBXGroup section */

/* Begin PBXNativeTarget section */
		93CBDCCB2B1CC42900B43CC8 /* RickAndMorty */ = {
			isa = PBXNativeTarget;
			buildConfigurationList = 93CBDCF62B1CC42D00B43CC8 /* Build configuration list for PBXNativeTarget "RickAndMorty" */;
			buildPhases = (
				93CBDCC82B1CC42900B43CC8 /* Sources */,
				93CBDCC92B1CC42900B43CC8 /* Frameworks */,
				93CBDCCA2B1CC42900B43CC8 /* Resources */,
			);
			buildRules = (
			);
			dependencies = (
			);
			name = RickAndMorty;
			productName = RickAndMorty;
			productReference = 93CBDCCC2B1CC42900B43CC8 /* RickAndMorty.app */;
			productType = "com.apple.product-type.application";
		};
		93CBDCE12B1CC42D00B43CC8 /* RickAndMortyTests */ = {
			isa = PBXNativeTarget;
			buildConfigurationList = 93CBDCF92B1CC42D00B43CC8 /* Build configuration list for PBXNativeTarget "RickAndMortyTests" */;
			buildPhases = (
				93CBDCDE2B1CC42D00B43CC8 /* Sources */,
				93CBDCDF2B1CC42D00B43CC8 /* Frameworks */,
				93CBDCE02B1CC42D00B43CC8 /* Resources */,
			);
			buildRules = (
			);
			dependencies = (
				93CBDCE42B1CC42D00B43CC8 /* PBXTargetDependency */,
			);
			name = RickAndMortyTests;
			productName = RickAndMortyTests;
			productReference = 93CBDCE22B1CC42D00B43CC8 /* RickAndMortyTests.xctest */;
			productType = "com.apple.product-type.bundle.unit-test";
		};
		93CBDCEB2B1CC42D00B43CC8 /* RickAndMortyUITests */ = {
			isa = PBXNativeTarget;
			buildConfigurationList = 93CBDCFC2B1CC42D00B43CC8 /* Build configuration list for PBXNativeTarget "RickAndMortyUITests" */;
			buildPhases = (
				93CBDCE82B1CC42D00B43CC8 /* Sources */,
				93CBDCE92B1CC42D00B43CC8 /* Frameworks */,
				93CBDCEA2B1CC42D00B43CC8 /* Resources */,
			);
			buildRules = (
			);
			dependencies = (
				93CBDCEE2B1CC42D00B43CC8 /* PBXTargetDependency */,
			);
			name = RickAndMortyUITests;
			productName = RickAndMortyUITests;
			productReference = 93CBDCEC2B1CC42D00B43CC8 /* RickAndMortyUITests.xctest */;
			productType = "com.apple.product-type.bundle.ui-testing";
		};
/* End PBXNativeTarget section */

/* Begin PBXProject section */
		93CBDCC42B1CC42900B43CC8 /* Project object */ = {
			isa = PBXProject;
			attributes = {
				BuildIndependentTargetsInParallel = 1;
				LastSwiftUpdateCheck = 1320;
				LastUpgradeCheck = 1320;
				TargetAttributes = {
					93CBDCCB2B1CC42900B43CC8 = {
						CreatedOnToolsVersion = 13.2.1;
					};
					93CBDCE12B1CC42D00B43CC8 = {
						CreatedOnToolsVersion = 13.2.1;
						TestTargetID = 93CBDCCB2B1CC42900B43CC8;
					};
					93CBDCEB2B1CC42D00B43CC8 = {
						CreatedOnToolsVersion = 13.2.1;
						TestTargetID = 93CBDCCB2B1CC42900B43CC8;
					};
				};
			};
			buildConfigurationList = 93CBDCC72B1CC42900B43CC8 /* Build configuration list for PBXProject "RickAndMorty" */;
			compatibilityVersion = "Xcode 13.0";
			developmentRegion = en;
			hasScannedForEncodings = 0;
			knownRegions = (
				en,
				Base,
			);
			mainGroup = 93CBDCC32B1CC42900B43CC8;
			productRefGroup = 93CBDCCD2B1CC42900B43CC8 /* Products */;
			projectDirPath = "";
			projectRoot = "";
			targets = (
				93CBDCCB2B1CC42900B43CC8 /* RickAndMorty */,
				93CBDCE12B1CC42D00B43CC8 /* RickAndMortyTests */,
				93CBDCEB2B1CC42D00B43CC8 /* RickAndMortyUITests */,
			);
		};
/* End PBXProject section */

/* Begin PBXResourcesBuildPhase section */
		93CBDCCA2B1CC42900B43CC8 /* Resources */ = {
			isa = PBXResourcesBuildPhase;
			buildActionMask = 2147483647;
			files = (
				93CBDCDC2B1CC42D00B43CC8 /* LaunchScreen.storyboard in Resources */,
				93CBDCD92B1CC42D00B43CC8 /* Assets.xcassets in Resources */,
			);
			runOnlyForDeploymentPostprocessing = 0;
		};
		93CBDCE02B1CC42D00B43CC8 /* Resources */ = {
			isa = PBXResourcesBuildPhase;
			buildActionMask = 2147483647;
			files = (
			);
			runOnlyForDeploymentPostprocessing = 0;
		};
		93CBDCEA2B1CC42D00B43CC8 /* Resources */ = {
			isa = PBXResourcesBuildPhase;
			buildActionMask = 2147483647;
			files = (
			);
			runOnlyForDeploymentPostprocessing = 0;
		};
/* End PBXResourcesBuildPhase section */

/* Begin PBXSourcesBuildPhase section */
		93CBDCC82B1CC42900B43CC8 /* Sources */ = {
			isa = PBXSourcesBuildPhase;
			buildActionMask = 2147483647;
			files = (
				93240D872B1D576F002D96B0 /* RMorigin.swift in Sources */,
				93CBDD102B1CD0D000B43CC8 /* RMLocationViewController.swift in Sources */,
				93240D8B2B1D5B09002D96B0 /* RMCharacterStatus.swift in Sources */,
				93240D8D2B1D5B37002D96B0 /* RMCharacterGender.swift in Sources */,
				93CBDCD42B1CC42900B43CC8 /* RMTabBarViewController.swift in Sources */,
				93CBDCD02B1CC42900B43CC8 /* AppDelegate.swift in Sources */,
				93CBDD122B1CD17800B43CC8 /* RMEpisodeTabViewController.swift in Sources */,
				93CBDD142B1CD1C400B43CC8 /* RMSettingViewController.swift in Sources */,
				93240D892B1D58A5002D96B0 /* RMSingleLocation.swift in Sources */,
				93CBDD072B1CC90300B43CC8 /* RMLocation.swift in Sources */,
				93CBDD092B1CC91A00B43CC8 /* RMCharacter.swift in Sources */,
				93240D812B1D487A002D96B0 /* RMService.swift in Sources */,
				93CBDCD22B1CC42900B43CC8 /* SceneDelegate.swift in Sources */,
				93240D852B1D4A17002D96B0 /* RMEndpoint.swift in Sources */,
				93CBDD0B2B1CC93300B43CC8 /* RMEpisodes.swift in Sources */,
				93240D832B1D48A5002D96B0 /* RMRequest.swift in Sources */,
				93CBDD0E2B1CCA2800B43CC8 /* RMCharacterViewController.swift in Sources */,
			);
			runOnlyForDeploymentPostprocessing = 0;
		};
		93CBDCDE2B1CC42D00B43CC8 /* Sources */ = {
			isa = PBXSourcesBuildPhase;
			buildActionMask = 2147483647;
			files = (
				93CBDCE72B1CC42D00B43CC8 /* RickAndMortyTests.swift in Sources */,
			);
			runOnlyForDeploymentPostprocessing = 0;
		};
		93CBDCE82B1CC42D00B43CC8 /* Sources */ = {
			isa = PBXSourcesBuildPhase;
			buildActionMask = 2147483647;
			files = (
				93CBDCF12B1CC42D00B43CC8 /* RickAndMortyUITests.swift in Sources */,
				93CBDCF32B1CC42D00B43CC8 /* RickAndMortyUITestsLaunchTests.swift in Sources */,
			);
			runOnlyForDeploymentPostprocessing = 0;
		};
/* End PBXSourcesBuildPhase section */

/* Begin PBXTargetDependency section */
		93CBDCE42B1CC42D00B43CC8 /* PBXTargetDependency */ = {
			isa = PBXTargetDependency;
			target = 93CBDCCB2B1CC42900B43CC8 /* RickAndMorty */;
			targetProxy = 93CBDCE32B1CC42D00B43CC8 /* PBXContainerItemProxy */;
		};
		93CBDCEE2B1CC42D00B43CC8 /* PBXTargetDependency */ = {
			isa = PBXTargetDependency;
			target = 93CBDCCB2B1CC42900B43CC8 /* RickAndMorty */;
			targetProxy = 93CBDCED2B1CC42D00B43CC8 /* PBXContainerItemProxy */;
		};
/* End PBXTargetDependency section */

/* Begin PBXVariantGroup section */
		93CBDCDA2B1CC42D00B43CC8 /* LaunchScreen.storyboard */ = {
			isa = PBXVariantGroup;
			children = (
				93CBDCDB2B1CC42D00B43CC8 /* Base */,
			);
			name = LaunchScreen.storyboard;
			sourceTree = "<group>";
		};
/* End PBXVariantGroup section */

/* Begin XCBuildConfiguration section */
		93CBDCF42B1CC42D00B43CC8 /* Debug */ = {
			isa = XCBuildConfiguration;
			buildSettings = {
				ALWAYS_SEARCH_USER_PATHS = NO;
				CLANG_ANALYZER_NONNULL = YES;
				CLANG_ANALYZER_NUMBER_OBJECT_CONVERSION = YES_AGGRESSIVE;
				CLANG_CXX_LANGUAGE_STANDARD = "gnu++17";
				CLANG_CXX_LIBRARY = "libc++";
				CLANG_ENABLE_MODULES = YES;
				CLANG_ENABLE_OBJC_ARC = YES;
				CLANG_ENABLE_OBJC_WEAK = YES;
				CLANG_WARN_BLOCK_CAPTURE_AUTORELEASING = YES;
				CLANG_WARN_BOOL_CONVERSION = YES;
				CLANG_WARN_COMMA = YES;
				CLANG_WARN_CONSTANT_CONVERSION = YES;
				CLANG_WARN_DEPRECATED_OBJC_IMPLEMENTATIONS = YES;
				CLANG_WARN_DIRECT_OBJC_ISA_USAGE = YES_ERROR;
				CLANG_WARN_DOCUMENTATION_COMMENTS = YES;
				CLANG_WARN_EMPTY_BODY = YES;
				CLANG_WARN_ENUM_CONVERSION = YES;
				CLANG_WARN_INFINITE_RECURSION = YES;
				CLANG_WARN_INT_CONVERSION = YES;
				CLANG_WARN_NON_LITERAL_NULL_CONVERSION = YES;
				CLANG_WARN_OBJC_IMPLICIT_RETAIN_SELF = YES;
				CLANG_WARN_OBJC_LITERAL_CONVERSION = YES;
				CLANG_WARN_OBJC_ROOT_CLASS = YES_ERROR;
				CLANG_WARN_QUOTED_INCLUDE_IN_FRAMEWORK_HEADER = YES;
				CLANG_WARN_RANGE_LOOP_ANALYSIS = YES;
				CLANG_WARN_STRICT_PROTOTYPES = YES;
				CLANG_WARN_SUSPICIOUS_MOVE = YES;
				CLANG_WARN_UNGUARDED_AVAILABILITY = YES_AGGRESSIVE;
				CLANG_WARN_UNREACHABLE_CODE = YES;
				CLANG_WARN__DUPLICATE_METHOD_MATCH = YES;
				COPY_PHASE_STRIP = NO;
				DEBUG_INFORMATION_FORMAT = dwarf;
				ENABLE_STRICT_OBJC_MSGSEND = YES;
				ENABLE_TESTABILITY = YES;
				GCC_C_LANGUAGE_STANDARD = gnu11;
				GCC_DYNAMIC_NO_PIC = NO;
				GCC_NO_COMMON_BLOCKS = YES;
				GCC_OPTIMIZATION_LEVEL = 0;
				GCC_PREPROCESSOR_DEFINITIONS = (
					"DEBUG=1",
					"$(inherited)",
				);
				GCC_WARN_64_TO_32_BIT_CONVERSION = YES;
				GCC_WARN_ABOUT_RETURN_TYPE = YES_ERROR;
				GCC_WARN_UNDECLARED_SELECTOR = YES;
				GCC_WARN_UNINITIALIZED_AUTOS = YES_AGGRESSIVE;
				GCC_WARN_UNUSED_FUNCTION = YES;
				GCC_WARN_UNUSED_VARIABLE = YES;
				IPHONEOS_DEPLOYMENT_TARGET = 15.2;
				MTL_ENABLE_DEBUG_INFO = INCLUDE_SOURCE;
				MTL_FAST_MATH = YES;
				ONLY_ACTIVE_ARCH = YES;
				SDKROOT = iphoneos;
				SWIFT_ACTIVE_COMPILATION_CONDITIONS = DEBUG;
				SWIFT_OPTIMIZATION_LEVEL = "-Onone";
			};
			name = Debug;
		};
		93CBDCF52B1CC42D00B43CC8 /* Release */ = {
			isa = XCBuildConfiguration;
			buildSettings = {
				ALWAYS_SEARCH_USER_PATHS = NO;
				CLANG_ANALYZER_NONNULL = YES;
				CLANG_ANALYZER_NUMBER_OBJECT_CONVERSION = YES_AGGRESSIVE;
				CLANG_CXX_LANGUAGE_STANDARD = "gnu++17";
				CLANG_CXX_LIBRARY = "libc++";
				CLANG_ENABLE_MODULES = YES;
				CLANG_ENABLE_OBJC_ARC = YES;
				CLANG_ENABLE_OBJC_WEAK = YES;
				CLANG_WARN_BLOCK_CAPTURE_AUTORELEASING = YES;
				CLANG_WARN_BOOL_CONVERSION = YES;
				CLANG_WARN_COMMA = YES;
				CLANG_WARN_CONSTANT_CONVERSION = YES;
				CLANG_WARN_DEPRECATED_OBJC_IMPLEMENTATIONS = YES;
				CLANG_WARN_DIRECT_OBJC_ISA_USAGE = YES_ERROR;
				CLANG_WARN_DOCUMENTATION_COMMENTS = YES;
				CLANG_WARN_EMPTY_BODY = YES;
				CLANG_WARN_ENUM_CONVERSION = YES;
				CLANG_WARN_INFINITE_RECURSION = YES;
				CLANG_WARN_INT_CONVERSION = YES;
				CLANG_WARN_NON_LITERAL_NULL_CONVERSION = YES;
				CLANG_WARN_OBJC_IMPLICIT_RETAIN_SELF = YES;
				CLANG_WARN_OBJC_LITERAL_CONVERSION = YES;
				CLANG_WARN_OBJC_ROOT_CLASS = YES_ERROR;
				CLANG_WARN_QUOTED_INCLUDE_IN_FRAMEWORK_HEADER = YES;
				CLANG_WARN_RANGE_LOOP_ANALYSIS = YES;
				CLANG_WARN_STRICT_PROTOTYPES = YES;
				CLANG_WARN_SUSPICIOUS_MOVE = YES;
				CLANG_WARN_UNGUARDED_AVAILABILITY = YES_AGGRESSIVE;
				CLANG_WARN_UNREACHABLE_CODE = YES;
				CLANG_WARN__DUPLICATE_METHOD_MATCH = YES;
				COPY_PHASE_STRIP = NO;
				DEBUG_INFORMATION_FORMAT = "dwarf-with-dsym";
				ENABLE_NS_ASSERTIONS = NO;
				ENABLE_STRICT_OBJC_MSGSEND = YES;
				GCC_C_LANGUAGE_STANDARD = gnu11;
				GCC_NO_COMMON_BLOCKS = YES;
				GCC_WARN_64_TO_32_BIT_CONVERSION = YES;
				GCC_WARN_ABOUT_RETURN_TYPE = YES_ERROR;
				GCC_WARN_UNDECLARED_SELECTOR = YES;
				GCC_WARN_UNINITIALIZED_AUTOS = YES_AGGRESSIVE;
				GCC_WARN_UNUSED_FUNCTION = YES;
				GCC_WARN_UNUSED_VARIABLE = YES;
				IPHONEOS_DEPLOYMENT_TARGET = 15.2;
				MTL_ENABLE_DEBUG_INFO = NO;
				MTL_FAST_MATH = YES;
				SDKROOT = iphoneos;
				SWIFT_COMPILATION_MODE = wholemodule;
				SWIFT_OPTIMIZATION_LEVEL = "-O";
				VALIDATE_PRODUCT = YES;
			};
			name = Release;
		};
		93CBDCF72B1CC42D00B43CC8 /* Debug */ = {
			isa = XCBuildConfiguration;
			buildSettings = {
				ASSETCATALOG_COMPILER_APPICON_NAME = AppIcon;
				ASSETCATALOG_COMPILER_GLOBAL_ACCENT_COLOR_NAME = AccentColor;
				CODE_SIGN_STYLE = Automatic;
				CURRENT_PROJECT_VERSION = 1;
				DEVELOPMENT_TEAM = 3BRL7K52S2;
				GENERATE_INFOPLIST_FILE = YES;
				INFOPLIST_FILE = RickAndMorty/Info.plist;
				INFOPLIST_KEY_UIApplicationSupportsIndirectInputEvents = YES;
				INFOPLIST_KEY_UILaunchStoryboardName = LaunchScreen;
				INFOPLIST_KEY_UISupportedInterfaceOrientations_iPad = "UIInterfaceOrientationPortrait UIInterfaceOrientationPortraitUpsideDown UIInterfaceOrientationLandscapeLeft UIInterfaceOrientationLandscapeRight";
				INFOPLIST_KEY_UISupportedInterfaceOrientations_iPhone = "UIInterfaceOrientationPortrait UIInterfaceOrientationLandscapeLeft UIInterfaceOrientationLandscapeRight";
				LD_RUNPATH_SEARCH_PATHS = (
					"$(inherited)",
					"@executable_path/Frameworks",
				);
				MARKETING_VERSION = 1.0;
				PRODUCT_BUNDLE_IDENTIFIER = jordanmck.RickAndMorty;
				PRODUCT_NAME = "$(TARGET_NAME)";
				SWIFT_EMIT_LOC_STRINGS = YES;
				SWIFT_VERSION = 5.0;
				TARGETED_DEVICE_FAMILY = "1,2";
			};
			name = Debug;
		};
		93CBDCF82B1CC42D00B43CC8 /* Release */ = {
			isa = XCBuildConfiguration;
			buildSettings = {
				ASSETCATALOG_COMPILER_APPICON_NAME = AppIcon;
				ASSETCATALOG_COMPILER_GLOBAL_ACCENT_COLOR_NAME = AccentColor;
				CODE_SIGN_STYLE = Automatic;
				CURRENT_PROJECT_VERSION = 1;
				DEVELOPMENT_TEAM = 3BRL7K52S2;
				GENERATE_INFOPLIST_FILE = YES;
				INFOPLIST_FILE = RickAndMorty/Info.plist;
				INFOPLIST_KEY_UIApplicationSupportsIndirectInputEvents = YES;
				INFOPLIST_KEY_UILaunchStoryboardName = LaunchScreen;
				INFOPLIST_KEY_UISupportedInterfaceOrientations_iPad = "UIInterfaceOrientationPortrait UIInterfaceOrientationPortraitUpsideDown UIInterfaceOrientationLandscapeLeft UIInterfaceOrientationLandscapeRight";
				INFOPLIST_KEY_UISupportedInterfaceOrientations_iPhone = "UIInterfaceOrientationPortrait UIInterfaceOrientationLandscapeLeft UIInterfaceOrientationLandscapeRight";
				LD_RUNPATH_SEARCH_PATHS = (
					"$(inherited)",
					"@executable_path/Frameworks",
				);
				MARKETING_VERSION = 1.0;
				PRODUCT_BUNDLE_IDENTIFIER = jordanmck.RickAndMorty;
				PRODUCT_NAME = "$(TARGET_NAME)";
				SWIFT_EMIT_LOC_STRINGS = YES;
				SWIFT_VERSION = 5.0;
				TARGETED_DEVICE_FAMILY = "1,2";
			};
			name = Release;
		};
		93CBDCFA2B1CC42D00B43CC8 /* Debug */ = {
			isa = XCBuildConfiguration;
			buildSettings = {
				ALWAYS_EMBED_SWIFT_STANDARD_LIBRARIES = YES;
				BUNDLE_LOADER = "$(TEST_HOST)";
				CODE_SIGN_STYLE = Automatic;
				CURRENT_PROJECT_VERSION = 1;
				DEVELOPMENT_TEAM = 3BRL7K52S2;
				GENERATE_INFOPLIST_FILE = YES;
				IPHONEOS_DEPLOYMENT_TARGET = 15.2;
				MARKETING_VERSION = 1.0;
				PRODUCT_BUNDLE_IDENTIFIER = jordanmck.RickAndMortyTests;
				PRODUCT_NAME = "$(TARGET_NAME)";
				SWIFT_EMIT_LOC_STRINGS = NO;
				SWIFT_VERSION = 5.0;
				TARGETED_DEVICE_FAMILY = "1,2";
				TEST_HOST = "$(BUILT_PRODUCTS_DIR)/RickAndMorty.app/RickAndMorty";
			};
			name = Debug;
		};
		93CBDCFB2B1CC42D00B43CC8 /* Release */ = {
			isa = XCBuildConfiguration;
			buildSettings = {
				ALWAYS_EMBED_SWIFT_STANDARD_LIBRARIES = YES;
				BUNDLE_LOADER = "$(TEST_HOST)";
				CODE_SIGN_STYLE = Automatic;
				CURRENT_PROJECT_VERSION = 1;
				DEVELOPMENT_TEAM = 3BRL7K52S2;
				GENERATE_INFOPLIST_FILE = YES;
				IPHONEOS_DEPLOYMENT_TARGET = 15.2;
				MARKETING_VERSION = 1.0;
				PRODUCT_BUNDLE_IDENTIFIER = jordanmck.RickAndMortyTests;
				PRODUCT_NAME = "$(TARGET_NAME)";
				SWIFT_EMIT_LOC_STRINGS = NO;
				SWIFT_VERSION = 5.0;
				TARGETED_DEVICE_FAMILY = "1,2";
				TEST_HOST = "$(BUILT_PRODUCTS_DIR)/RickAndMorty.app/RickAndMorty";
			};
			name = Release;
		};
		93CBDCFD2B1CC42D00B43CC8 /* Debug */ = {
			isa = XCBuildConfiguration;
			buildSettings = {
				ALWAYS_EMBED_SWIFT_STANDARD_LIBRARIES = YES;
				CODE_SIGN_STYLE = Automatic;
				CURRENT_PROJECT_VERSION = 1;
				DEVELOPMENT_TEAM = 3BRL7K52S2;
				GENERATE_INFOPLIST_FILE = YES;
				MARKETING_VERSION = 1.0;
				PRODUCT_BUNDLE_IDENTIFIER = jordanmck.RickAndMortyUITests;
				PRODUCT_NAME = "$(TARGET_NAME)";
				SWIFT_EMIT_LOC_STRINGS = NO;
				SWIFT_VERSION = 5.0;
				TARGETED_DEVICE_FAMILY = "1,2";
				TEST_TARGET_NAME = RickAndMorty;
			};
			name = Debug;
		};
		93CBDCFE2B1CC42D00B43CC8 /* Release */ = {
			isa = XCBuildConfiguration;
			buildSettings = {
				ALWAYS_EMBED_SWIFT_STANDARD_LIBRARIES = YES;
				CODE_SIGN_STYLE = Automatic;
				CURRENT_PROJECT_VERSION = 1;
				DEVELOPMENT_TEAM = 3BRL7K52S2;
				GENERATE_INFOPLIST_FILE = YES;
				MARKETING_VERSION = 1.0;
				PRODUCT_BUNDLE_IDENTIFIER = jordanmck.RickAndMortyUITests;
				PRODUCT_NAME = "$(TARGET_NAME)";
				SWIFT_EMIT_LOC_STRINGS = NO;
				SWIFT_VERSION = 5.0;
				TARGETED_DEVICE_FAMILY = "1,2";
				TEST_TARGET_NAME = RickAndMorty;
			};
			name = Release;
		};
/* End XCBuildConfiguration section */

/* Begin XCConfigurationList section */
		93CBDCC72B1CC42900B43CC8 /* Build configuration list for PBXProject "RickAndMorty" */ = {
			isa = XCConfigurationList;
			buildConfigurations = (
				93CBDCF42B1CC42D00B43CC8 /* Debug */,
				93CBDCF52B1CC42D00B43CC8 /* Release */,
			);
			defaultConfigurationIsVisible = 0;
			defaultConfigurationName = Release;
		};
		93CBDCF62B1CC42D00B43CC8 /* Build configuration list for PBXNativeTarget "RickAndMorty" */ = {
			isa = XCConfigurationList;
			buildConfigurations = (
				93CBDCF72B1CC42D00B43CC8 /* Debug */,
				93CBDCF82B1CC42D00B43CC8 /* Release */,
			);
			defaultConfigurationIsVisible = 0;
			defaultConfigurationName = Release;
		};
		93CBDCF92B1CC42D00B43CC8 /* Build configuration list for PBXNativeTarget "RickAndMortyTests" */ = {
			isa = XCConfigurationList;
			buildConfigurations = (
				93CBDCFA2B1CC42D00B43CC8 /* Debug */,
				93CBDCFB2B1CC42D00B43CC8 /* Release */,
			);
			defaultConfigurationIsVisible = 0;
			defaultConfigurationName = Release;
		};
		93CBDCFC2B1CC42D00B43CC8 /* Build configuration list for PBXNativeTarget "RickAndMortyUITests" */ = {
			isa = XCConfigurationList;
			buildConfigurations = (
				93CBDCFD2B1CC42D00B43CC8 /* Debug */,
				93CBDCFE2B1CC42D00B43CC8 /* Release */,
			);
			defaultConfigurationIsVisible = 0;
			defaultConfigurationName = Release;
		};
/* End XCConfigurationList section */
	};
	rootObject = 93CBDCC42B1CC42900B43CC8 /* Project object */;
}
